{
  "originHash" : "0d2eb670f018aa945c4141ef6e7a93f5f47eb6d010fb5116f07cb908d59bb283",
  "pins" : [
    {
      "identity" : "bake",
      "kind" : "remoteSourceControl",
      "location" : "https://github.com/openbakery/bake/",
      "state" : {
        "branch" : "develop",
        "revision" : "aa2cb876708c240aadd120b43eb423959a37564b"
      }
    },
    {
      "identity" : "obcoder",
      "kind" : "remoteSourceControl",
      "location" : "https://github.com/openbakery/OBCoder/",
      "state" : {
        "branch" : "main",
        "revision" : "c565520cbf0477b34316dac8e9f6b0bc1837c64b"
      }
    },
    {
      "identity" : "obextra",
      "kind" : "remoteSourceControl",
      "location" : "https://github.com/openbakery/OBExtra/",
      "state" : {
        "branch" : "main",
        "revision" : "1e05f88e12ab97074893be9cd2875c5e24641340"
      }
    },
    {
      "identity" : "swift-argument-parser",
      "kind" : "remoteSourceControl",
      "location" : "https://github.com/apple/swift-argument-parser",
      "state" : {
        "revision" : "c5d11a805e765f52ba34ec7284bd4fcd6ba68615",
        "version" : "1.7.0"
      }
    }
  ],
  "version" : 3
}
