{
  "originHash" : "d9a735a45bc0d5031f5d1f2ccf54831b0a3fb0d868b9328b36b603d41d797c2b",
  "pins" : [
    {
      "identity" : "obcoder",
      "kind" : "remoteSourceControl",
      "location" : "https://github.com/openbakery/OBCoder/",
      "state" : {
        "branch" : "main",
        "revision" : "e64eadf3725402529b4bb3cfa886c92830823395"
      }
    },
    {
      "identity" : "obextra",
      "kind" : "remoteSourceControl",
      "location" : "https://github.com/openbakery/OBExtra/",
      "state" : {
        "branch" : "main",
        "revision" : "ea569773b5ad6645c94ef5d3147b68836fcb1eee"
      }
    },
    {
      "identity" : "swift-argument-parser",
      "kind" : "remoteSourceControl",
      "location" : "https://github.com/apple/swift-argument-parser",
      "state" : {
        "revision" : "cdd0ef3755280949551dc26dee5de9ddeda89f54",
        "version" : "1.6.2"
      }
    },
    {
      "identity" : "swifthamcrest",
      "kind" : "remoteSourceControl",
      "location" : "https://github.com/nschum/SwiftHamcrest/",
      "state" : {
        "branch" : "master",
        "revision" : "e32b5b62b4b9d070fd9e98c4d83aae62f55b9507"
      }
    }
  ],
  "version" : 3
}
