{
  "pins" : [
    {
      "identity" : "obcoder",
      "kind" : "remoteSourceControl",
      "location" : "https://github.com/openbakery/OBCoder/",
      "state" : {
        "branch" : "main",
        "revision" : "0241a20711b6c829e97bcfae3d05401759b23ebc"
      }
    },
    {
      "identity" : "swift-argument-parser",
      "kind" : "remoteSourceControl",
      "location" : "https://github.com/apple/swift-argument-parser",
      "state" : {
        "revision" : "c8ed701b513cf5177118a175d85fbbbcd707ab41",
        "version" : "1.3.0"
      }
    },
    {
      "identity" : "swifthamcrest",
      "kind" : "remoteSourceControl",
      "location" : "https://github.com/nschum/SwiftHamcrest/",
      "state" : {
        "revision" : "8c679c859fd5e12b83aea68a51045b0a11dfddef",
        "version" : "2.2.4"
      }
    }
  ],
  "version" : 2
}
