{
  "originHash" : "37305645817e13141da6deb74f351e9eb20c20b8e8eae31476bc5ab0be0c5250",
  "pins" : [
    {
      "identity" : "obcoder",
      "kind" : "remoteSourceControl",
      "location" : "https://github.com/openbakery/OBCoder/",
      "state" : {
        "branch" : "main",
        "revision" : "1d7c23aafd2718edfa7b11c8d7b26dcfd128dcc9"
      }
    },
    {
      "identity" : "obextra",
      "kind" : "remoteSourceControl",
      "location" : "https://github.com/openbakery/OBExtra/",
      "state" : {
        "branch" : "main",
        "revision" : "ea569773b5ad6645c94ef5d3147b68836fcb1eee"
      }
    },
    {
      "identity" : "swift-argument-parser",
      "kind" : "remoteSourceControl",
      "location" : "https://github.com/apple/swift-argument-parser",
      "state" : {
        "revision" : "cdd0ef3755280949551dc26dee5de9ddeda89f54",
        "version" : "1.6.2"
      }
    },
    {
      "identity" : "swifthamcrest",
      "kind" : "remoteSourceControl",
      "location" : "https://github.com/nschum/SwiftHamcrest/",
      "state" : {
        "branch" : "master",
        "revision" : "e32b5b62b4b9d070fd9e98c4d83aae62f55b9507"
      }
    }
  ],
  "version" : 3
}
